# This file is automatically @generated by Poetry 1.4.2 and should not be changed by hand.

[[package]]
name = "pyicu"
version = "2.11"
description = "Python extension wrapping the ICU C++ API"
category = "main"
optional = false
python-versions = "*"
files = [
    {file = "PyICU-2.11.tar.gz", hash = "sha256:3ab531264cfe9132b3d2ac5d708da9a4649d25f6e6813730ac88cf040a08a844"},
]

[metadata]
lock-version = "2.0"
python-versions = "^3.11"
content-hash = "22ed6c18defcfc202cc5d8ea2fa47fdb63016ea6538c93f127e32cd35963145d"
